
Microsoft Visual Studio Solution File, Format Version 12.00
# Visual Studio Version 16
VisualStudioVersion = 16.0.31729.503
MinimumVisualStudioVersion = 10.0.40219.1
Project("{FAE04EC0-301F-11D3-BF4B-00C04F79EFBC}") = "OutlookAppointment", "OutlookAppointment\OutlookAppointment.csproj", "{DF87DAAD-9840-4D34-B872-887819C7DD85}"
EndProject
Global
	GlobalSection(SolutionConfigurationPlatforms) = preSolution
		Debug|Any CPU = Debug|Any CPU
		Release|Any CPU = Release|Any CPU
	EndGlobalSection
	GlobalSection(ProjectConfigurationPlatforms) = postSolution
		{DF87DAAD-9840-4D34-B872-887819C7DD85}.Debug|Any CPU.ActiveCfg = Debug|Any CPU
		{DF87DAAD-9840-4D34-B872-887819C7DD85}.Debug|Any CPU.Build.0 = Debug|Any CPU
		{DF87DAAD-9840-4D34-B872-887819C7DD85}.Release|Any CPU.ActiveCfg = Release|Any CPU
		{DF87DAAD-9840-4D34-B872-887819C7DD85}.Release|Any CPU.Build.0 = Release|Any CPU
	EndGlobalSection
	GlobalSection(SolutionProperties) = preSolution
		HideSolutionNode = FALSE
	EndGlobalSection
	GlobalSection(ExtensibilityGlobals) = postSolution
		SolutionGuid = {D522DEA4-B29C-4C89-AAEA-C1F61F766531}
	EndGlobalSection
EndGlobal
